
Microsoft Visual Studio Solution File, Format Version 12.00
# Visual Studio Version 16
VisualStudioVersion = 16.0.30717.126
MinimumVisualStudioVersion = 10.0.40219.1
Project("{FAE04EC0-301F-11D3-BF4B-00C04F79EFBC}") = "ASGNTASK3", "ASGNTASK3\ASGNTASK3.csproj", "{59374D71-56FD-4DD1-B185-90F630BB40D5}"
EndProject
Global
	GlobalSection(SolutionConfigurationPlatforms) = preSolution
		Debug|Any CPU = Debug|Any CPU
		Release|Any CPU = Release|Any CPU
	EndGlobalSection
	GlobalSection(ProjectConfigurationPlatforms) = postSolution
		{59374D71-56FD-4DD1-B185-90F630BB40D5}.Debug|Any CPU.ActiveCfg = Debug|Any CPU
		{59374D71-56FD-4DD1-B185-90F630BB40D5}.Debug|Any CPU.Build.0 = Debug|Any CPU
		{59374D71-56FD-4DD1-B185-90F630BB40D5}.Release|Any CPU.ActiveCfg = Release|Any CPU
		{59374D71-56FD-4DD1-B185-90F630BB40D5}.Release|Any CPU.Build.0 = Release|Any CPU
	EndGlobalSection
	GlobalSection(SolutionProperties) = preSolution
		HideSolutionNode = FALSE
	EndGlobalSection
	GlobalSection(ExtensibilityGlobals) = postSolution
		SolutionGuid = {E2849CC3-33C1-49B3-BBBB-84257F208A69}
	EndGlobalSection
EndGlobal
